
Microsoft Visual Studio Solution File, Format Version 12.00
# Visual Studio Version 17
VisualStudioVersion = 17.5.33502.453
MinimumVisualStudioVersion = 10.0.40219.1
Project("{2150E333-8FDC-42A3-9474-1A3956D46DE8}") = "1 - Presentation", "1 - Presentation", "{6B19F01E-79CE-4309-B92A-1F4ECA7B75D5}"
EndProject
Project("{2150E333-8FDC-42A3-9474-1A3956D46DE8}") = "2 - Services", "2 - Services", "{B8376E4E-C77A-4370-87DE-2C9AFCEA0D99}"
EndProject
Project("{2150E333-8FDC-42A3-9474-1A3956D46DE8}") = "3 - Application", "3 - Application", "{D0230833-A0C2-48E2-B811-C7F0DE6486AB}"
EndProject
Project("{2150E333-8FDC-42A3-9474-1A3956D46DE8}") = "4 - Domain", "4 - Domain", "{4BD6A637-C015-4422-86F0-B5014350C89B}"
EndProject
Project("{2150E333-8FDC-42A3-9474-1A3956D46DE8}") = "4.1 - Domain.Core", "4.1 - Domain.Core", "{EBBB56F3-4A50-49D6-9997-70AD1AF65F34}"
EndProject
Project("{2150E333-8FDC-42A3-9474-1A3956D46DE8}") = "5 - Infra", "5 - Infra", "{37C9DED3-C2A6-47E2-A6D4-71C100FF90BB}"
EndProject
Project("{2150E333-8FDC-42A3-9474-1A3956D46DE8}") = "5.1 - Data", "5.1 - Data", "{02622EF8-9584-4C7A-A21B-A51EA7920C5B}"
EndProject
Project("{9A19103F-16F7-4668-BE54-9A1E7A4F7556}") = "TesteSNSYS.Infra.Data", "TesteSNSYS.Infra.Data\TesteSNSYS.Infra.Data.csproj", "{66EAF139-B901-4104-B57B-72CB90A8CD92}"
EndProject
Project("{9A19103F-16F7-4668-BE54-9A1E7A4F7556}") = "TesteSNSYS.Domain.Core", "TesteSNSYS.Domain.Core\TesteSNSYS.Domain.Core.csproj", "{3F17C095-2FDE-4BB9-AF0F-825C5D912DA3}"
EndProject
Project("{9A19103F-16F7-4668-BE54-9A1E7A4F7556}") = "TesteSNSYS.Domain", "TesteSNSYS.Domain\TesteSNSYS.Domain.csproj", "{2C107E33-8B8C-4498-B7FA-E0D0D63E7F65}"
EndProject
Project("{9A19103F-16F7-4668-BE54-9A1E7A4F7556}") = "TesteSNSYS.Application", "TesteSNSYS.Application\TesteSNSYS.Application.csproj", "{8D4956AA-9E3D-45E3-BB5B-306EC30922C3}"
EndProject
Project("{9A19103F-16F7-4668-BE54-9A1E7A4F7556}") = "TesteSNSYS.Apis", "TesteSNSYS.Apis\TesteSNSYS.Apis.csproj", "{46E5173E-6EC5-464A-8540-40879E1AC6EB}"
EndProject
Project("{FAE04EC0-301F-11D3-BF4B-00C04F79EFBC}") = "TesteSNSYS.MVC", "TesteSNSYS.MVC\TesteSNSYS.MVC.csproj", "{A294CC94-2A9C-431E-AED1-3B0EBDCEF6D7}"
EndProject
Global
	GlobalSection(SolutionConfigurationPlatforms) = preSolution
		Debug|Any CPU = Debug|Any CPU
		Release|Any CPU = Release|Any CPU
	EndGlobalSection
	GlobalSection(ProjectConfigurationPlatforms) = postSolution
		{66EAF139-B901-4104-B57B-72CB90A8CD92}.Debug|Any CPU.ActiveCfg = Debug|Any CPU
		{66EAF139-B901-4104-B57B-72CB90A8CD92}.Debug|Any CPU.Build.0 = Debug|Any CPU
		{66EAF139-B901-4104-B57B-72CB90A8CD92}.Release|Any CPU.ActiveCfg = Release|Any CPU
		{66EAF139-B901-4104-B57B-72CB90A8CD92}.Release|Any CPU.Build.0 = Release|Any CPU
		{3F17C095-2FDE-4BB9-AF0F-825C5D912DA3}.Debug|Any CPU.ActiveCfg = Debug|Any CPU
		{3F17C095-2FDE-4BB9-AF0F-825C5D912DA3}.Debug|Any CPU.Build.0 = Debug|Any CPU
		{3F17C095-2FDE-4BB9-AF0F-825C5D912DA3}.Release|Any CPU.ActiveCfg = Release|Any CPU
		{3F17C095-2FDE-4BB9-AF0F-825C5D912DA3}.Release|Any CPU.Build.0 = Release|Any CPU
		{2C107E33-8B8C-4498-B7FA-E0D0D63E7F65}.Debug|Any CPU.ActiveCfg = Debug|Any CPU
		{2C107E33-8B8C-4498-B7FA-E0D0D63E7F65}.Debug|Any CPU.Build.0 = Debug|Any CPU
		{2C107E33-8B8C-4498-B7FA-E0D0D63E7F65}.Release|Any CPU.ActiveCfg = Release|Any CPU
		{2C107E33-8B8C-4498-B7FA-E0D0D63E7F65}.Release|Any CPU.Build.0 = Release|Any CPU
		{8D4956AA-9E3D-45E3-BB5B-306EC30922C3}.Debug|Any CPU.ActiveCfg = Debug|Any CPU
		{8D4956AA-9E3D-45E3-BB5B-306EC30922C3}.Debug|Any CPU.Build.0 = Debug|Any CPU
		{8D4956AA-9E3D-45E3-BB5B-306EC30922C3}.Release|Any CPU.ActiveCfg = Release|Any CPU
		{8D4956AA-9E3D-45E3-BB5B-306EC30922C3}.Release|Any CPU.Build.0 = Release|Any CPU
		{46E5173E-6EC5-464A-8540-40879E1AC6EB}.Debug|Any CPU.ActiveCfg = Debug|Any CPU
		{46E5173E-6EC5-464A-8540-40879E1AC6EB}.Debug|Any CPU.Build.0 = Debug|Any CPU
		{46E5173E-6EC5-464A-8540-40879E1AC6EB}.Release|Any CPU.ActiveCfg = Release|Any CPU
		{46E5173E-6EC5-464A-8540-40879E1AC6EB}.Release|Any CPU.Build.0 = Release|Any CPU
		{A294CC94-2A9C-431E-AED1-3B0EBDCEF6D7}.Debug|Any CPU.ActiveCfg = Debug|Any CPU
		{A294CC94-2A9C-431E-AED1-3B0EBDCEF6D7}.Debug|Any CPU.Build.0 = Debug|Any CPU
		{A294CC94-2A9C-431E-AED1-3B0EBDCEF6D7}.Release|Any CPU.ActiveCfg = Release|Any CPU
		{A294CC94-2A9C-431E-AED1-3B0EBDCEF6D7}.Release|Any CPU.Build.0 = Release|Any CPU
	EndGlobalSection
	GlobalSection(SolutionProperties) = preSolution
		HideSolutionNode = FALSE
	EndGlobalSection
	GlobalSection(NestedProjects) = preSolution
		{02622EF8-9584-4C7A-A21B-A51EA7920C5B} = {37C9DED3-C2A6-47E2-A6D4-71C100FF90BB}
		{66EAF139-B901-4104-B57B-72CB90A8CD92} = {02622EF8-9584-4C7A-A21B-A51EA7920C5B}
		{3F17C095-2FDE-4BB9-AF0F-825C5D912DA3} = {EBBB56F3-4A50-49D6-9997-70AD1AF65F34}
		{2C107E33-8B8C-4498-B7FA-E0D0D63E7F65} = {4BD6A637-C015-4422-86F0-B5014350C89B}
		{8D4956AA-9E3D-45E3-BB5B-306EC30922C3} = {D0230833-A0C2-48E2-B811-C7F0DE6486AB}
		{46E5173E-6EC5-464A-8540-40879E1AC6EB} = {B8376E4E-C77A-4370-87DE-2C9AFCEA0D99}
		{A294CC94-2A9C-431E-AED1-3B0EBDCEF6D7} = {6B19F01E-79CE-4309-B92A-1F4ECA7B75D5}
	EndGlobalSection
	GlobalSection(ExtensibilityGlobals) = postSolution
		SolutionGuid = {42D633C9-8D4C-4C54-AA61-62C9D99C2737}
	EndGlobalSection
EndGlobal
